// !$*UTF8*$!
{
	archiveVersion = 1;
	classes = {
	};
	objectVersion = 46;
	objects = {

/* Begin PBXBuildFile section */
		95FC1BD71C693AD600782866 /* AppDelegate.swift in Sources */ = {isa = PBXBuildFile; fileRef = 95FC1BD61C693AD600782866 /* AppDelegate.swift */; };
		95FC1BD91C693AD600782866 /* ViewController.swift in Sources */ = {isa = PBXBuildFile; fileRef = 95FC1BD81C693AD600782866 /* ViewController.swift */; };
		95FC1BDC1C693AD600782866 /* Main.storyboard in Resources */ = {isa = PBXBuildFile; fileRef = 95FC1BDA1C693AD600782866 /* Main.storyboard */; };
		95FC1BDE1C693AD600782866 /* Assets.xcassets in Resources */ = {isa = PBXBuildFile; fileRef = 95FC1BDD1C693AD600782866 /* Assets.xcassets */; };
		95FC1BE11C693AD600782866 /* LaunchScreen.storyboard in Resources */ = {isa = PBXBuildFile; fileRef = 95FC1BDF1C693AD600782866 /* LaunchScreen.storyboard */; };
/* End PBXBuildFile section */

/* Begin PBXFileReference section */
		95FC1BD31C693AD600782866 /* iOSCombinationLockSolver.app */ = {isa = PBXFileReference; explicitFileType = wrapper.application; includeInIndex = 0; path = iOSCombinationLockSolver.app; sourceTree = BUILT_PRODUCTS_DIR; };
		95FC1BD61C693AD600782866 /* AppDelegate.swift */ = {isa = PBXFileReference; lastKnownFileType = sourcecode.swift; path = AppDelegate.swift; sourceTree = "<group>"; };
		95FC1BD81C693AD600782866 /* ViewController.swift */ = {isa = PBXFileReference; lastKnownFileType = sourcecode.swift; path = ViewController.swift; sourceTree = "<group>"; };
		95FC1BDB1C693AD600782866 /* Base */ = {isa = PBXFileReference; lastKnownFileType = file.storyboard; name = Base; path = Base.lproj/Main.storyboard; sourceTree = "<group>"; };
		95FC1BDD1C693AD600782866 /* Assets.xcassets */ = {isa = PBXFileReference; lastKnownFileType = folder.assetcatalog; path = Assets.xcassets; sourceTree = "<group>"; };
		95FC1BE01C693AD600782866 /* Base */ = {isa = PBXFileReference; lastKnownFileType = file.storyboard; name = Base; path = Base.lproj/LaunchScreen.storyboard; sourceTree = "<group>"; };
		95FC1BE21C693AD600782866 /* Info.plist */ = {isa = PBXFileReference; lastKnownFileType = text.plist.xml; path = Info.plist; sourceTree = "<group>"; };
/* End PBXFileReference section */

/* Begin PBXFrameworksBuildPhase section */
		95FC1BD01C693AD600782866 /* Frameworks */ = {
			isa = PBXFrameworksBuildPhase;
			buildActionMask = 2147483647;
			files = (
			);
			runOnlyForDeploymentPostprocessing = 0;
		};
/* End PBXFrameworksBuildPhase section */

/* Begin PBXGroup section */
		95FC1BCA1C693AD600782866 = {
			isa = PBXGroup;
			children = (
				95FC1BD51C693AD600782866 /* iOSCombinationLockSolver */,
				95FC1BD41C693AD600782866 /* Products */,
			);
			sourceTree = "<group>";
		};
		95FC1BD41C693AD600782866 /* Products */ = {
			isa = PBXGroup;
			children = (
				95FC1BD31C693AD600782866 /* iOSCombinationLockSolver.app */,
			);
			name = Products;
			sourceTree = "<group>";
		};
		95FC1BD51C693AD600782866 /* iOSCombinationLockSolver */ = {
			isa = PBXGroup;
			children = (
				95FC1BE81C693D3000782866 /* Model */,
				95FC1BE91C693D4300782866 /* View */,
				95FC1BEA1C693D4C00782866 /* Controller */,
				95FC1BDD1C693AD600782866 /* Assets.xcassets */,
				95FC1BE21C693AD600782866 /* Info.plist */,
				95FC1BEB1C693F4200782866 /* Supporting Files */,
			);
			path = iOSCombinationLockSolver;
			sourceTree = "<group>";
		};
		95FC1BE81C693D3000782866 /* Model */ = {
			isa = PBXGroup;
			children = (
			);
			name = Model;
			sourceTree = "<group>";
		};
		95FC1BE91C693D4300782866 /* View */ = {
			isa = PBXGroup;
			children = (
				95FC1BDA1C693AD600782866 /* Main.storyboard */,
				95FC1BDF1C693AD600782866 /* LaunchScreen.storyboard */,
			);
			name = View;
			sourceTree = "<group>";
		};
		95FC1BEA1C693D4C00782866 /* Controller */ = {
			isa = PBXGroup;
			children = (
				95FC1BD81C693AD600782866 /* ViewController.swift */,
			);
			name = Controller;
			sourceTree = "<group>";
		};
		95FC1BEB1C693F4200782866 /* Supporting Files */ = {
			isa = PBXGroup;
			children = (
				95FC1BD61C693AD600782866 /* AppDelegate.swift */,
			);
			name = "Supporting Files";
			sourceTree = "<group>";
		};
/* End PBXGroup section */

/* Begin PBXNativeTarget section */
		95FC1BD21C693AD600782866 /* iOSCombinationLockSolver */ = {
			isa = PBXNativeTarget;
			buildConfigurationList = 95FC1BE51C693AD600782866 /* Build configuration list for PBXNativeTarget "iOSCombinationLockSolver" */;
			buildPhases = (
				95FC1BCF1C693AD600782866 /* Sources */,
				95FC1BD01C693AD600782866 /* Frameworks */,
				95FC1BD11C693AD600782866 /* Resources */,
			);
			buildRules = (
			);
			dependencies = (
			);
			name = iOSCombinationLockSolver;
			productName = iOSCombinationLockSolver;
			productReference = 95FC1BD31C693AD600782866 /* iOSCombinationLockSolver.app */;
			productType = "com.apple.product-type.application";
		};
/* End PBXNativeTarget section */

/* Begin PBXProject section */
		95FC1BCB1C693AD600782866 /* Project object */ = {
			isa = PBXProject;
			attributes = {
				LastSwiftUpdateCheck = 0720;
				LastUpgradeCheck = 0720;
				ORGANIZATIONNAME = "Pawel Bednarczyk";
				TargetAttributes = {
					95FC1BD21C693AD600782866 = {
						CreatedOnToolsVersion = 7.2.1;
					};
				};
			};
			buildConfigurationList = 95FC1BCE1C693AD600782866 /* Build configuration list for PBXProject "iOSCombinationLockSolver" */;
			compatibilityVersion = "Xcode 3.2";
			developmentRegion = English;
			hasScannedForEncodings = 0;
			knownRegions = (
				en,
				Base,
			);
			mainGroup = 95FC1BCA1C693AD600782866;
			productRefGroup = 95FC1BD41C693AD600782866 /* Products */;
			projectDirPath = "";
			projectRoot = "";
			targets = (
				95FC1BD21C693AD600782866 /* iOSCombinationLockSolver */,
			);
		};
/* End PBXProject section */

/* Begin PBXResourcesBuildPhase section */
		95FC1BD11C693AD600782866 /* Resources */ = {
			isa = PBXResourcesBuildPhase;
			buildActionMask = 2147483647;
			files = (
				95FC1BE11C693AD600782866 /* LaunchScreen.storyboard in Resources */,
				95FC1BDE1C693AD600782866 /* Assets.xcassets in Resources */,
				95FC1BDC1C693AD600782866 /* Main.storyboard in Resources */,
			);
			runOnlyForDeploymentPostprocessing = 0;
		};
/* End PBXResourcesBuildPhase section */

/* Begin PBXSourcesBuildPhase section */
		95FC1BCF1C693AD600782866 /* Sources */ = {
			isa = PBXSourcesBuildPhase;
			buildActionMask = 2147483647;
			files = (
				95FC1BD91C693AD600782866 /* ViewController.swift in Sources */,
				95FC1BD71C693AD600782866 /* AppDelegate.swift in Sources */,
			);
			runOnlyForDeploymentPostprocessing = 0;
		};
/* End PBXSourcesBuildPhase section */

/* Begin PBXVariantGroup section */
		95FC1BDA1C693AD600782866 /* Main.storyboard */ = {
			isa = PBXVariantGroup;
			children = (
				95FC1BDB1C693AD600782866 /* Base */,
			);
			name = Main.storyboard;
			sourceTree = "<group>";
		};
		95FC1BDF1C693AD600782866 /* LaunchScreen.storyboard */ = {
			isa = PBXVariantGroup;
			children = (
				95FC1BE01C693AD600782866 /* Base */,
			);
			name = LaunchScreen.storyboard;
			sourceTree = "<group>";
		};
/* End PBXVariantGroup section */

/* Begin XCBuildConfiguration section */
		95FC1BE31C693AD600782866 /* Debug */ = {
			isa = XCBuildConfiguration;
			buildSettings = {
				ALWAYS_SEARCH_USER_PATHS = NO;
				CLANG_CXX_LANGUAGE_STANDARD = "gnu++0x";
				CLANG_CXX_LIBRARY = "libc++";
				CLANG_ENABLE_MODULES = YES;
				CLANG_ENABLE_OBJC_ARC = YES;
				CLANG_WARN_BOOL_CONVERSION = YES;
				CLANG_WARN_CONSTANT_CONVERSION = YES;
				CLANG_WARN_DIRECT_OBJC_ISA_USAGE = YES_ERROR;
				CLANG_WARN_EMPTY_BODY = YES;
				CLANG_WARN_ENUM_CONVERSION = YES;
				CLANG_WARN_INT_CONVERSION = YES;
				CLANG_WARN_OBJC_ROOT_CLASS = YES_ERROR;
				CLANG_WARN_UNREACHABLE_CODE = YES;
				CLANG_WARN__DUPLICATE_METHOD_MATCH = YES;
				"CODE_SIGN_IDENTITY[sdk=iphoneos*]" = "iPhone Developer";
				COPY_PHASE_STRIP = NO;
				DEBUG_INFORMATION_FORMAT = dwarf;
				ENABLE_STRICT_OBJC_MSGSEND = YES;
				ENABLE_TESTABILITY = YES;
				GCC_C_LANGUAGE_STANDARD = gnu99;
				GCC_DYNAMIC_NO_PIC = NO;
				GCC_NO_COMMON_BLOCKS = YES;
				GCC_OPTIMIZATION_LEVEL = 0;
				GCC_PREPROCESSOR_DEFINITIONS = (
					"DEBUG=1",
					"$(inherited)",
				);
				GCC_WARN_64_TO_32_BIT_CONVERSION = YES;
				GCC_WARN_ABOUT_RETURN_TYPE = YES_ERROR;
				GCC_WARN_UNDECLARED_SELECTOR = YES;
				GCC_WARN_UNINITIALIZED_AUTOS = YES_AGGRESSIVE;
				GCC_WARN_UNUSED_FUNCTION = YES;
				GCC_WARN_UNUSED_VARIABLE = YES;
				IPHONEOS_DEPLOYMENT_TARGET = 9.2;
				MTL_ENABLE_DEBUG_INFO = YES;
				ONLY_ACTIVE_ARCH = YES;
				SDKROOT = iphoneos;
				SWIFT_OPTIMIZATION_LEVEL = "-Onone";
			};
			name = Debug;
		};
		95FC1BE41C693AD600782866 /* Release */ = {
			isa = XCBuildConfiguration;
			buildSettings = {
				ALWAYS_SEARCH_USER_PATHS = NO;
				CLANG_CXX_LANGUAGE_STANDARD = "gnu++0x";
				CLANG_CXX_LIBRARY = "libc++";
				CLANG_ENABLE_MODULES = YES;
				CLANG_ENABLE_OBJC_ARC = YES;
				CLANG_WARN_BOOL_CONVERSION = YES;
				CLANG_WARN_CONSTANT_CONVERSION = YES;
				CLANG_WARN_DIRECT_OBJC_ISA_USAGE = YES_ERROR;
				CLANG_WARN_EMPTY_BODY = YES;
				CLANG_WARN_ENUM_CONVERSION = YES;
				CLANG_WARN_INT_CONVERSION = YES;
				CLANG_WARN_OBJC_ROOT_CLASS = YES_ERROR;
				CLANG_WARN_UNREACHABLE_CODE = YES;
				CLANG_WARN__DUPLICATE_METHOD_MATCH = YES;
				"CODE_SIGN_IDENTITY[sdk=iphoneos*]" = "iPhone Developer";
				COPY_PHASE_STRIP = NO;
				DEBUG_INFORMATION_FORMAT = "dwarf-with-dsym";
				ENABLE_NS_ASSERTIONS = NO;
				ENABLE_STRICT_OBJC_MSGSEND = YES;
				GCC_C_LANGUAGE_STANDARD = gnu99;
				GCC_NO_COMMON_BLOCKS = YES;
				GCC_WARN_64_TO_32_BIT_CONVERSION = YES;
				GCC_WARN_ABOUT_RETURN_TYPE = YES_ERROR;
				GCC_WARN_UNDECLARED_SELECTOR = YES;
				GCC_WARN_UNINITIALIZED_AUTOS = YES_AGGRESSIVE;
				GCC_WARN_UNUSED_FUNCTION = YES;
				GCC_WARN_UNUSED_VARIABLE = YES;
				IPHONEOS_DEPLOYMENT_TARGET = 9.2;
				MTL_ENABLE_DEBUG_INFO = NO;
				SDKROOT = iphoneos;
				VALIDATE_PRODUCT = YES;
			};
			name = Release;
		};
		95FC1BE61C693AD600782866 /* Debug */ = {
			isa = XCBuildConfiguration;
			buildSettings = {
				ASSETCATALOG_COMPILER_APPICON_NAME = AppIcon;
				INFOPLIST_FILE = iOSCombinationLockSolver/Info.plist;
				LD_RUNPATH_SEARCH_PATHS = "$(inherited) @executable_path/Frameworks";
				PRODUCT_BUNDLE_IDENTIFIER = pawelbednarczyk.iOSCombinationLockSolver;
				PRODUCT_NAME = "$(TARGET_NAME)";
			};
			name = Debug;
		};
		95FC1BE71C693AD600782866 /* Release */ = {
			isa = XCBuildConfiguration;
			buildSettings = {
				ASSETCATALOG_COMPILER_APPICON_NAME = AppIcon;
				INFOPLIST_FILE = iOSCombinationLockSolver/Info.plist;
				LD_RUNPATH_SEARCH_PATHS = "$(inherited) @executable_path/Frameworks";
				PRODUCT_BUNDLE_IDENTIFIER = pawelbednarczyk.iOSCombinationLockSolver;
				PRODUCT_NAME = "$(TARGET_NAME)";
			};
			name = Release;
		};
/* End XCBuildConfiguration section */

/* Begin XCConfigurationList section */
		95FC1BCE1C693AD600782866 /* Build configuration list for PBXProject "iOSCombinationLockSolver" */ = {
			isa = XCConfigurationList;
			buildConfigurations = (
				95FC1BE31C693AD600782866 /* Debug */,
				95FC1BE41C693AD600782866 /* Release */,
			);
			defaultConfigurationIsVisible = 0;
			defaultConfigurationName = Release;
		};
		95FC1BE51C693AD600782866 /* Build configuration list for PBXNativeTarget "iOSCombinationLockSolver" */ = {
			isa = XCConfigurationList;
			buildConfigurations = (
				95FC1BE61C693AD600782866 /* Debug */,
				95FC1BE71C693AD600782866 /* Release */,
			);
			defaultConfigurationIsVisible = 0;
		};
/* End XCConfigurationList section */
	};
	rootObject = 95FC1BCB1C693AD600782866 /* Project object */;
}
